
Microsoft Visual Studio Solution File, Format Version 12.00
Project("{2150E333-8FDC-42A3-9474-1A3956D46DE8}") = "Src", "Src", "{9610826D-7AD3-4749-9B15-96A894327DB0}"
EndProject
Project("{2150E333-8FDC-42A3-9474-1A3956D46DE8}") = "Tests", "Tests", "{42F72BD7-100C-4F2E-BDF8-8F75C2023FE1}"
EndProject
Project("{FAE04EC0-301F-11D3-BF4B-00C04F79EFBC}") = "Core", "Src\Core\Core.csproj", "{D31CDA53-3129-4E9C-8B57-47C47F158DAF}"
EndProject
Project("{FAE04EC0-301F-11D3-BF4B-00C04F79EFBC}") = "Presentation.RestApi.Xunit", "Tests\Presentation.RestApi.Xunit\Presentation.RestApi.Xunit.csproj", "{8A87FF43-533C-486E-8C54-57D0F4107B0A}"
EndProject
Project("{FAE04EC0-301F-11D3-BF4B-00C04F79EFBC}") = "Core.Xunit", "Tests\Core.Xunit\Core.Xunit.csproj", "{F818BE3C-B16F-4F35-BA61-F2764C0682C2}"
EndProject
Project("{2150E333-8FDC-42A3-9474-1A3956D46DE8}") = "Services", "Services", "{709DD5FD-5F71-43AE-8970-60618917D37D}"
EndProject
Project("{FAE04EC0-301F-11D3-BF4B-00C04F79EFBC}") = "Services.OrderService", "Src\Services.OrderService\Services.OrderService.csproj", "{28FC3DC2-8B96-4BB6-A03D-3F4886F32D57}"
EndProject
Project("{FAE04EC0-301F-11D3-BF4B-00C04F79EFBC}") = "Services.GatewayService", "Src\Services.GatewayService\Services.GatewayService.csproj", "{BCF17886-9363-4E9B-9486-BF1A88F6DE59}"
EndProject
Project("{FAE04EC0-301F-11D3-BF4B-00C04F79EFBC}") = "Services.OrderService.Xunit", "Tests\Services.OrderService.Xunit\Services.OrderService.Xunit.csproj", "{21508096-9BF5-47D5-AA0E-88C4D9395CD9}"
EndProject
Project("{FAE04EC0-301F-11D3-BF4B-00C04F79EFBC}") = "Services.GatewayService.Xunit", "Tests\Services.GatewayService.Xunit\Services.GatewayService.Xunit.csproj", "{8CC7CE32-C412-4093-97C9-95B58CA9E06C}"
EndProject
Project("{2150E333-8FDC-42A3-9474-1A3956D46DE8}") = "PresentationLayer", "PresentationLayer", "{AA27058F-6B8A-4103-999A-4319B9C70C4A}"
EndProject
Project("{FAE04EC0-301F-11D3-BF4B-00C04F79EFBC}") = "Presentation.RestApi", "Src\Presentation.RestApi\Presentation.RestApi.csproj", "{B31674E3-04C3-4367-9FA0-F0E8CE5B173A}"
EndProject
Global
	GlobalSection(SolutionConfigurationPlatforms) = preSolution
		Debug|Any CPU = Debug|Any CPU
		Release|Any CPU = Release|Any CPU
	EndGlobalSection
	GlobalSection(ProjectConfigurationPlatforms) = postSolution
		{D31CDA53-3129-4E9C-8B57-47C47F158DAF}.Debug|Any CPU.ActiveCfg = Debug|Any CPU
		{D31CDA53-3129-4E9C-8B57-47C47F158DAF}.Debug|Any CPU.Build.0 = Debug|Any CPU
		{D31CDA53-3129-4E9C-8B57-47C47F158DAF}.Release|Any CPU.ActiveCfg = Release|Any CPU
		{D31CDA53-3129-4E9C-8B57-47C47F158DAF}.Release|Any CPU.Build.0 = Release|Any CPU
		{8A87FF43-533C-486E-8C54-57D0F4107B0A}.Debug|Any CPU.ActiveCfg = Debug|Any CPU
		{8A87FF43-533C-486E-8C54-57D0F4107B0A}.Debug|Any CPU.Build.0 = Debug|Any CPU
		{8A87FF43-533C-486E-8C54-57D0F4107B0A}.Release|Any CPU.ActiveCfg = Release|Any CPU
		{8A87FF43-533C-486E-8C54-57D0F4107B0A}.Release|Any CPU.Build.0 = Release|Any CPU
		{F818BE3C-B16F-4F35-BA61-F2764C0682C2}.Debug|Any CPU.ActiveCfg = Debug|Any CPU
		{F818BE3C-B16F-4F35-BA61-F2764C0682C2}.Debug|Any CPU.Build.0 = Debug|Any CPU
		{F818BE3C-B16F-4F35-BA61-F2764C0682C2}.Release|Any CPU.ActiveCfg = Release|Any CPU
		{F818BE3C-B16F-4F35-BA61-F2764C0682C2}.Release|Any CPU.Build.0 = Release|Any CPU
		{28FC3DC2-8B96-4BB6-A03D-3F4886F32D57}.Debug|Any CPU.ActiveCfg = Debug|Any CPU
		{28FC3DC2-8B96-4BB6-A03D-3F4886F32D57}.Debug|Any CPU.Build.0 = Debug|Any CPU
		{28FC3DC2-8B96-4BB6-A03D-3F4886F32D57}.Release|Any CPU.ActiveCfg = Release|Any CPU
		{28FC3DC2-8B96-4BB6-A03D-3F4886F32D57}.Release|Any CPU.Build.0 = Release|Any CPU
		{BCF17886-9363-4E9B-9486-BF1A88F6DE59}.Debug|Any CPU.ActiveCfg = Debug|Any CPU
		{BCF17886-9363-4E9B-9486-BF1A88F6DE59}.Debug|Any CPU.Build.0 = Debug|Any CPU
		{BCF17886-9363-4E9B-9486-BF1A88F6DE59}.Release|Any CPU.ActiveCfg = Release|Any CPU
		{BCF17886-9363-4E9B-9486-BF1A88F6DE59}.Release|Any CPU.Build.0 = Release|Any CPU
		{21508096-9BF5-47D5-AA0E-88C4D9395CD9}.Debug|Any CPU.ActiveCfg = Debug|Any CPU
		{21508096-9BF5-47D5-AA0E-88C4D9395CD9}.Debug|Any CPU.Build.0 = Debug|Any CPU
		{21508096-9BF5-47D5-AA0E-88C4D9395CD9}.Release|Any CPU.ActiveCfg = Release|Any CPU
		{21508096-9BF5-47D5-AA0E-88C4D9395CD9}.Release|Any CPU.Build.0 = Release|Any CPU
		{8CC7CE32-C412-4093-97C9-95B58CA9E06C}.Debug|Any CPU.ActiveCfg = Debug|Any CPU
		{8CC7CE32-C412-4093-97C9-95B58CA9E06C}.Debug|Any CPU.Build.0 = Debug|Any CPU
		{8CC7CE32-C412-4093-97C9-95B58CA9E06C}.Release|Any CPU.ActiveCfg = Release|Any CPU
		{8CC7CE32-C412-4093-97C9-95B58CA9E06C}.Release|Any CPU.Build.0 = Release|Any CPU
		{B31674E3-04C3-4367-9FA0-F0E8CE5B173A}.Debug|Any CPU.ActiveCfg = Debug|Any CPU
		{B31674E3-04C3-4367-9FA0-F0E8CE5B173A}.Debug|Any CPU.Build.0 = Debug|Any CPU
		{B31674E3-04C3-4367-9FA0-F0E8CE5B173A}.Release|Any CPU.ActiveCfg = Release|Any CPU
		{B31674E3-04C3-4367-9FA0-F0E8CE5B173A}.Release|Any CPU.Build.0 = Release|Any CPU
	EndGlobalSection
	GlobalSection(NestedProjects) = preSolution
		{D31CDA53-3129-4E9C-8B57-47C47F158DAF} = {9610826D-7AD3-4749-9B15-96A894327DB0}
		{8A87FF43-533C-486E-8C54-57D0F4107B0A} = {42F72BD7-100C-4F2E-BDF8-8F75C2023FE1}
		{F818BE3C-B16F-4F35-BA61-F2764C0682C2} = {42F72BD7-100C-4F2E-BDF8-8F75C2023FE1}
		{709DD5FD-5F71-43AE-8970-60618917D37D} = {9610826D-7AD3-4749-9B15-96A894327DB0}
		{28FC3DC2-8B96-4BB6-A03D-3F4886F32D57} = {709DD5FD-5F71-43AE-8970-60618917D37D}
		{BCF17886-9363-4E9B-9486-BF1A88F6DE59} = {709DD5FD-5F71-43AE-8970-60618917D37D}
		{21508096-9BF5-47D5-AA0E-88C4D9395CD9} = {42F72BD7-100C-4F2E-BDF8-8F75C2023FE1}
		{8CC7CE32-C412-4093-97C9-95B58CA9E06C} = {42F72BD7-100C-4F2E-BDF8-8F75C2023FE1}
		{AA27058F-6B8A-4103-999A-4319B9C70C4A} = {9610826D-7AD3-4749-9B15-96A894327DB0}
		{B31674E3-04C3-4367-9FA0-F0E8CE5B173A} = {AA27058F-6B8A-4103-999A-4319B9C70C4A}
	EndGlobalSection
EndGlobal
